PODS:
  - GPUImage (0.1.7)
  - GPUImageBeautifyFilter (1.0.0):
    - GPUImage

DEPENDENCIES:
  - GPUImageBeautifyFilter (from `../`)

SPEC REPOS:
  https://github.com/CocoaPods/Specs.git:
    - GPUImage

EXTERNAL SOURCES:
  GPUImageBeautifyFilter:
    :path: "../"

SPEC CHECKSUMS:
  GPUImage: 733a5f0fab92df9de1c37ba9df520a833ccb406d
  GPUImageBeautifyFilter: 6eb451b50c395109172ae1f9e69c4241d0126c09

PODFILE CHECKSUM: 597dc014fd1f04ce12f2788340544014255066f0

COCOAPODS: 1.12.1
